
Microsoft Visual Studio Solution File, Format Version 12.00
# Visual Studio Version 17
VisualStudioVersion = 17.5.33530.505
MinimumVisualStudioVersion = 10.0.40219.1
Project("{FAE04EC0-301F-11D3-BF4B-00C04F79EFBC}") = "example_sem13", "example_sem13\example_sem13.csproj", "{8E6ADC97-4512-45B8-B3A6-3934E27D113F}"
EndProject
Global
	GlobalSection(SolutionConfigurationPlatforms) = preSolution
		Debug|Any CPU = Debug|Any CPU
		Release|Any CPU = Release|Any CPU
	EndGlobalSection
	GlobalSection(ProjectConfigurationPlatforms) = postSolution
		{8E6ADC97-4512-45B8-B3A6-3934E27D113F}.Debug|Any CPU.ActiveCfg = Debug|Any CPU
		{8E6ADC97-4512-45B8-B3A6-3934E27D113F}.Debug|Any CPU.Build.0 = Debug|Any CPU
		{8E6ADC97-4512-45B8-B3A6-3934E27D113F}.Release|Any CPU.ActiveCfg = Release|Any CPU
		{8E6ADC97-4512-45B8-B3A6-3934E27D113F}.Release|Any CPU.Build.0 = Release|Any CPU
	EndGlobalSection
	GlobalSection(SolutionProperties) = preSolution
		HideSolutionNode = FALSE
	EndGlobalSection
	GlobalSection(ExtensibilityGlobals) = postSolution
		SolutionGuid = {B7492176-6883-4827-ABA7-DDF339F78111}
	EndGlobalSection
EndGlobal
